<?xml version="1.0" encoding="utf-8"?>
<Project ToolsVersion="4.0" xmlns="http://schemas.microsoft.com/developer/msbuild/2003">
  <ItemGroup>
    <Filter Include="Source Files">
      <UniqueIdentifier>{4FC737F1-C7A5-4376-A066-2A32D752A2FF}</UniqueIdentifier>
      <Extensions>cpp;c;cc;cxx;def;odl;idl;hpj;bat;asm;asmx</Extensions>
    </Filter>
    <Filter Include="Header Files">
      <UniqueIdentifier>{93995380-89BD-4b04-88EB-625FBE52EBFB}</UniqueIdentifier>
      <Extensions>h;hh;hpp;hxx;hm;inl;inc;xsd</Extensions>
    </Filter>
    <Filter Include="Resource Files">
      <UniqueIdentifier>{67DA6AB6-F800-4c08-8B7A-83BB121AAD01}</UniqueIdentifier>
      <Extensions>rc;ico;cur;bmp;dlg;rc2;rct;bin;rgs;gif;jpg;jpeg;jpe;resx;tiff;tif;png;wav;mfcribbon-ms</Extensions>
    </Filter>
    <Filter Include="Header Files\GameDepended">
      <UniqueIdentifier>{05ac3f3a-0533-436d-b433-c7b99a0b27b9}</UniqueIdentifier>
    </Filter>
    <Filter Include="Header Files\GameDepended\GameStates">
      <UniqueIdentifier>{9794ddee-f553-405a-9a1c-e291154b557f}</UniqueIdentifier>
    </Filter>
    <Filter Include="Source Files\GameStates">
      <UniqueIdentifier>{d912501b-184d-4027-92a2-1f4f4793b33e}</UniqueIdentifier>
    </Filter>
    <Filter Include="Header Files\GameDepended\GameStates\InternalStates">
      <UniqueIdentifier>{10044b02-f52e-46d9-a263-149a0d39c648}</UniqueIdentifier>
    </Filter>
    <Filter Include="Source Files\GameStates\InternalStates">
      <UniqueIdentifier>{d945482d-fc4e-43b6-b253-087f31011bf8}</UniqueIdentifier>
    </Filter>
    <Filter Include="Header Files\Editor">
      <UniqueIdentifier>{b8db6235-202b-49fb-aa10-724207f25fa8}</UniqueIdentifier>
    </Filter>
    <Filter Include="Header Files\TileEngine">
      <UniqueIdentifier>{f6414b0a-e4f2-4c8f-a1c7-fec5410231df}</UniqueIdentifier>
    </Filter>
    <Filter Include="Header Files\IO">
      <UniqueIdentifier>{494ea06f-42d7-4288-8ca6-3ef533271af5}</UniqueIdentifier>
    </Filter>
    <Filter Include="Header Files\Graphic">
      <UniqueIdentifier>{ca32c56e-a28c-4f5e-80f9-dffa32de141d}</UniqueIdentifier>
    </Filter>
    <Filter Include="Source Files\Graphic">
      <UniqueIdentifier>{f3c6d483-5023-442e-ac93-26d679a91bd7}</UniqueIdentifier>
    </Filter>
    <Filter Include="Source Files\TileEngine">
      <UniqueIdentifier>{e101c00a-d892-4c4e-a81a-80d08a75ea05}</UniqueIdentifier>
    </Filter>
    <Filter Include="Header Files\Graphic\UserInterface">
      <UniqueIdentifier>{872e8dd4-131e-496e-a57d-5807e3f84b25}</UniqueIdentifier>
    </Filter>
    <Filter Include="Source Files\IO">
      <UniqueIdentifier>{44be14a0-8242-4031-ae1b-d12b1b310e73}</UniqueIdentifier>
    </Filter>
  </ItemGroup>
  <ItemGroup>
    <ClInclude Include="GameObject.h">
      <Filter>Header Files\GameDepended</Filter>
    </ClInclude>
    <ClInclude Include="LevelEditor.h">
      <Filter>Header Files\GameDepended</Filter>
    </ClInclude>
    <ClInclude Include="EditorState.h">
      <Filter>Header Files\GameDepended\GameStates</Filter>
    </ClInclude>
    <ClInclude Include="UserInterface.h">
      <Filter>Header Files\Graphic\UserInterface</Filter>
    </ClInclude>
    <ClInclude Include="IntroScreen.h">
      <Filter>Header Files\GameDepended\GameStates</Filter>
    </ClInclude>
    <ClInclude Include="mainmenu.h">
      <Filter>Header Files\GameDepended\GameStates</Filter>
    </ClInclude>
    <ClInclude Include="TileView.h">
      <Filter>Header Files\GameDepended\GameStates\InternalStates</Filter>
    </ClInclude>
    <ClInclude Include="Tiles.h">
      <Filter>Header Files\TileEngine</Filter>
    </ClInclude>
    <ClInclude Include="Command.h">
      <Filter>Header Files\IO</Filter>
    </ClInclude>
    <ClInclude Include="RessourceManager.h">
      <Filter>Header Files\Graphic</Filter>
    </ClInclude>
    <ClInclude Include="Texture.h">
      <Filter>Header Files\Graphic</Filter>
    </ClInclude>
    <ClInclude Include="GameState.h">
      <Filter>Header Files\GameDepended\GameStates</Filter>
    </ClInclude>
  </ItemGroup>
  <ItemGroup>
    <ClCompile Include="main.cpp">
      <Filter>Source Files</Filter>
    </ClCompile>
    <ClCompile Include="GameObj.cpp">
      <Filter>Source Files</Filter>
    </ClCompile>
    <ClCompile Include="SplashScreen.cpp">
      <Filter>Source Files\GameStates</Filter>
    </ClCompile>
    <ClCompile Include="Editor.cpp">
      <Filter>Source Files\GameStates</Filter>
    </ClCompile>
    <ClCompile Include="GameStateInterface.cpp">
      <Filter>Source Files\GameStates</Filter>
    </ClCompile>
    <ClCompile Include="intro.cpp">
      <Filter>Source Files\GameStates</Filter>
    </ClCompile>
    <ClCompile Include="MainMenu.cpp">
      <Filter>Source Files\GameStates</Filter>
    </ClCompile>
    <ClCompile Include="TileView.cpp">
      <Filter>Source Files\GameStates\InternalStates</Filter>
    </ClCompile>
    <ClCompile Include="Texture.cpp">
      <Filter>Source Files\Graphic</Filter>
    </ClCompile>
    <ClCompile Include="Tiles.cpp">
      <Filter>Source Files\TileEngine</Filter>
    </ClCompile>
    <ClCompile Include="RessourceManager.cpp">
      <Filter>Source Files\Graphic</Filter>
    </ClCompile>
    <ClCompile Include="UserInterface.cpp">
      <Filter>Source Files\Graphic</Filter>
    </ClCompile>
  </ItemGroup>
</Project>